
Microsoft Visual Studio Solution File, Format Version 12.00
# Visual Studio Version 17
VisualStudioVersion = 17.1.32328.378
MinimumVisualStudioVersion = 10.0.40219.1
Project("{FAE04EC0-301F-11D3-BF4B-00C04F79EFBC}") = "Queues_144", "Queues_144.csproj", "{6CB3FBD6-BE0F-4D29-8674-9C4C4297A4ED}"
EndProject
Global
	GlobalSection(SolutionConfigurationPlatforms) = preSolution
		Debug|Any CPU = Debug|Any CPU
		Release|Any CPU = Release|Any CPU
	EndGlobalSection
	GlobalSection(ProjectConfigurationPlatforms) = postSolution
		{6CB3FBD6-BE0F-4D29-8674-9C4C4297A4ED}.Debug|Any CPU.ActiveCfg = Debug|Any CPU
		{6CB3FBD6-BE0F-4D29-8674-9C4C4297A4ED}.Debug|Any CPU.Build.0 = Debug|Any CPU
		{6CB3FBD6-BE0F-4D29-8674-9C4C4297A4ED}.Release|Any CPU.ActiveCfg = Release|Any CPU
		{6CB3FBD6-BE0F-4D29-8674-9C4C4297A4ED}.Release|Any CPU.Build.0 = Release|Any CPU
	EndGlobalSection
	GlobalSection(SolutionProperties) = preSolution
		HideSolutionNode = FALSE
	EndGlobalSection
	GlobalSection(ExtensibilityGlobals) = postSolution
		SolutionGuid = {459039D5-E53A-4C0F-98A4-707308834C93}
	EndGlobalSection
EndGlobal
